// !$*UTF8*$!
{
	archiveVersion = 1;
	classes = {
	};
	objectVersion = 46;
	objects = {

/* Begin PBXBuildFile section */
		0571FA59C0B61657852D33D6 /* Pods_figevil.framework in Frameworks */ = {isa = PBXBuildFile; fileRef = C710722E2727E087354024E4 /* Pods_figevil.framework */; };
		78091B7A1E9466A700722B4D /* Stickers in Resources */ = {isa = PBXBuildFile; fileRef = 78091B791E9466A700722B4D /* Stickers */; };
		782399E01E847C2B00207B56 /* Globals.swift in Sources */ = {isa = PBXBuildFile; fileRef = 782399DF1E847C2B00207B56 /* Globals.swift */; };
		782399E21E8489C200207B56 /* FirstTimeExperience.storyboard in Resources */ = {isa = PBXBuildFile; fileRef = 782399E11E8489C200207B56 /* FirstTimeExperience.storyboard */; };
		782399E61E848C1000207B56 /* FirstTimeExperienceViewController.swift in Sources */ = {isa = PBXBuildFile; fileRef = 782399E51E848C1000207B56 /* FirstTimeExperienceViewController.swift */; };
		782399EF1E85A36A00207B56 /* MeKeyboardViewController.swift in Sources */ = {isa = PBXBuildFile; fileRef = 782399EE1E85A36A00207B56 /* MeKeyboardViewController.swift */; };
		782399F31E85A36A00207B56 /* MeKeyboard.appex in Embed App Extensions */ = {isa = PBXBuildFile; fileRef = 782399EC1E85A36900207B56 /* MeKeyboard.appex */; settings = {ATTRIBUTES = (RemoveHeadersOnCopy, ); }; };
		78239A001E85E0A800207B56 /* Globals.swift in Sources */ = {isa = PBXBuildFile; fileRef = 782399DF1E847C2B00207B56 /* Globals.swift */; };
		782BB2621E7C7F5000EFD135 /* BbgL7x3.gif in Resources */ = {isa = PBXBuildFile; fileRef = 782BB2611E7C7F5000EFD135 /* BbgL7x3.gif */; };
		7854B9DD1E64F98300591255 /* AppDelegate.swift in Sources */ = {isa = PBXBuildFile; fileRef = 7854B9DC1E64F98300591255 /* AppDelegate.swift */; };
		7854B9E41E64F98300591255 /* Assets.xcassets in Resources */ = {isa = PBXBuildFile; fileRef = 7854B9E31E64F98300591255 /* Assets.xcassets */; };
		7854B9E71E64F98300591255 /* LaunchScreen.storyboard in Resources */ = {isa = PBXBuildFile; fileRef = 7854B9E51E64F98300591255 /* LaunchScreen.storyboard */; };
		7854B9EF1E64F9B600591255 /* GoogleService-Info.plist in Resources */ = {isa = PBXBuildFile; fileRef = 7854B9EE1E64F9B600591255 /* GoogleService-Info.plist */; };
		7854B9F31E64FD5B00591255 /* SatoCamera.swift in Sources */ = {isa = PBXBuildFile; fileRef = 7854B9F21E64FD5B00591255 /* SatoCamera.swift */; };
		7854BA001E64FD7D00591255 /* Camera.storyboard in Resources */ = {isa = PBXBuildFile; fileRef = 7854B9F41E64FD7D00591255 /* Camera.storyboard */; };
		7854BA011E64FD7D00591255 /* CameraViewController.swift in Sources */ = {isa = PBXBuildFile; fileRef = 7854B9F51E64FD7D00591255 /* CameraViewController.swift */; };
		7854BA021E64FD7D00591255 /* Color.swift in Sources */ = {isa = PBXBuildFile; fileRef = 7854B9F61E64FD7D00591255 /* Color.swift */; };
		7854BA031E64FD7D00591255 /* TextImageEffectView.swift in Sources */ = {isa = PBXBuildFile; fileRef = 7854B9F71E64FD7D00591255 /* TextImageEffectView.swift */; };
		7854BA041E64FD7D00591255 /* TextView.swift in Sources */ = {isa = PBXBuildFile; fileRef = 7854B9F81E64FD7D00591255 /* TextView.swift */; };
		7854BA051E64FD7D00591255 /* FilterImageEffect.swift in Sources */ = {isa = PBXBuildFile; fileRef = 7854B9F91E64FD7D00591255 /* FilterImageEffect.swift */; };
		7854BA061E64FD7D00591255 /* Filter.swift in Sources */ = {isa = PBXBuildFile; fileRef = 7854B9FA1E64FD7D00591255 /* Filter.swift */; };
		7854BA071E64FD7D00591255 /* DrawImageEffectView.swift in Sources */ = {isa = PBXBuildFile; fileRef = 7854B9FB1E64FD7D00591255 /* DrawImageEffectView.swift */; };
		7854BA081E64FD7D00591255 /* DrawView.swift in Sources */ = {isa = PBXBuildFile; fileRef = 7854B9FC1E64FD7D00591255 /* DrawView.swift */; };
		7854BA091E64FD7D00591255 /* BubbleMenuCollectionViewController.swift in Sources */ = {isa = PBXBuildFile; fileRef = 7854B9FD1E64FD7D00591255 /* BubbleMenuCollectionViewController.swift */; };
		7854BA0A1E64FD7D00591255 /* BubbleMenuCollectionViewCell.swift in Sources */ = {isa = PBXBuildFile; fileRef = 7854B9FE1E64FD7D00591255 /* BubbleMenuCollectionViewCell.swift */; };
		7854BA0B1E64FD7D00591255 /* BubbleMenuCollectionViewCell.xib in Resources */ = {isa = PBXBuildFile; fileRef = 7854B9FF1E64FD7D00591255 /* BubbleMenuCollectionViewCell.xib */; };
		7854BA0E1E65005600591255 /* Index.swift in Sources */ = {isa = PBXBuildFile; fileRef = 7854BA0D1E65005600591255 /* Index.swift */; };
		7857A02E1E6504EC00660B68 /* chinatown.jpg in Resources */ = {isa = PBXBuildFile; fileRef = 7857A02B1E6504EC00660B68 /* chinatown.jpg */; };
		7857A02F1E6504EC00660B68 /* golden_gate_bridge.jpg in Resources */ = {isa = PBXBuildFile; fileRef = 7857A02C1E6504EC00660B68 /* golden_gate_bridge.jpg */; };
		7857A0301E6504EC00660B68 /* montgomery.jpg in Resources */ = {isa = PBXBuildFile; fileRef = 7857A02D1E6504EC00660B68 /* montgomery.jpg */; };
		7863631C1E8B1CEE00B902B5 /* StraightCollectionViewLayout.swift in Sources */ = {isa = PBXBuildFile; fileRef = E377C1421E89DF5200573E12 /* StraightCollectionViewLayout.swift */; };
		789717601E941ECE00D89CB3 /* StickerEffectView.swift in Sources */ = {isa = PBXBuildFile; fileRef = 7897175F1E941ECE00D89CB3 /* StickerEffectView.swift */; };
		78B5DD181E675EC500192135 /* camera.png in Resources */ = {isa = PBXBuildFile; fileRef = 78B5DD101E675EC500192135 /* camera.png */; };
		78B5DD191E675EC500192135 /* paintbrush.png in Resources */ = {isa = PBXBuildFile; fileRef = 78B5DD111E675EC500192135 /* paintbrush.png */; };
		78B5DD1A1E675EC500192135 /* text.png in Resources */ = {isa = PBXBuildFile; fileRef = 78B5DD121E675EC500192135 /* text.png */; };
		78B5DD1B1E675EC500192135 /* filter.png in Resources */ = {isa = PBXBuildFile; fileRef = 78B5DD131E675EC500192135 /* filter.png */; };
		78B5DD1C1E675EC500192135 /* checkmark.png in Resources */ = {isa = PBXBuildFile; fileRef = 78B5DD141E675EC500192135 /* checkmark.png */; };
		78B5DD1D1E675EC500192135 /* back.png in Resources */ = {isa = PBXBuildFile; fileRef = 78B5DD151E675EC500192135 /* back.png */; };
		78B5DD1E1E675EC500192135 /* flash.png in Resources */ = {isa = PBXBuildFile; fileRef = 78B5DD161E675EC500192135 /* flash.png */; };
		78B5DD1F1E675EC500192135 /* circle.png in Resources */ = {isa = PBXBuildFile; fileRef = 78B5DD171E675EC500192135 /* circle.png */; };
		78BEF4371E89E4F100047212 /* GifCollectionViewCell.swift in Sources */ = {isa = PBXBuildFile; fileRef = 78BEF4341E89E4F100047212 /* GifCollectionViewCell.swift */; };
		78BEF4391E89E4F100047212 /* GifCollectionViewCell.xib in Resources */ = {isa = PBXBuildFile; fileRef = 78BEF4351E89E4F100047212 /* GifCollectionViewCell.xib */; };
		78BEF43B1E89E4F100047212 /* GifCollectionViewController.swift in Sources */ = {isa = PBXBuildFile; fileRef = 78BEF4361E89E4F100047212 /* GifCollectionViewController.swift */; };
		78BEF43E1E89E82200047212 /* GifCollectionViewCell.swift in Sources */ = {isa = PBXBuildFile; fileRef = 78BEF4341E89E4F100047212 /* GifCollectionViewCell.swift */; };
		78BEF43F1E89E82200047212 /* GifCollectionViewCell.xib in Resources */ = {isa = PBXBuildFile; fileRef = 78BEF4351E89E4F100047212 /* GifCollectionViewCell.xib */; };
		78BEF4401E89E82200047212 /* GifCollectionViewController.swift in Sources */ = {isa = PBXBuildFile; fileRef = 78BEF4361E89E4F100047212 /* GifCollectionViewController.swift */; };
		78F67D3E1E7CA627003F8A20 /* AppDelegate+FirstLaunch.swift in Sources */ = {isa = PBXBuildFile; fileRef = 78F67D3D1E7CA627003F8A20 /* AppDelegate+FirstLaunch.swift */; };
		9EDF76CF876FEBA45153C98B /* Pods_MeKeyboard.framework in Frameworks */ = {isa = PBXBuildFile; fileRef = 5815A8F1BFBE50E3044E72FF /* Pods_MeKeyboard.framework */; };
		E335FE701E70E89F00A5BAD2 /* Light.swift in Sources */ = {isa = PBXBuildFile; fileRef = E335FE6F1E70E89F00A5BAD2 /* Light.swift */; };
		E335FE721E70EDB700A5BAD2 /* CMSampleBuffer+CIImage.swift in Sources */ = {isa = PBXBuildFile; fileRef = E335FE711E70EDB700A5BAD2 /* CMSampleBuffer+CIImage.swift */; };
		E335FE741E70EE5400A5BAD2 /* CVPixelBuffer+DeepCopy.swift in Sources */ = {isa = PBXBuildFile; fileRef = E335FE731E70EE5400A5BAD2 /* CVPixelBuffer+DeepCopy.swift */; };
		E335FE761E70EEBC00A5BAD2 /* CIImage+Resize.swift in Sources */ = {isa = PBXBuildFile; fileRef = E335FE751E70EEBC00A5BAD2 /* CIImage+Resize.swift */; };
		E335FE7E1E70F08B00A5BAD2 /* LiveGifPreset.swift in Sources */ = {isa = PBXBuildFile; fileRef = E335FE7D1E70F08B00A5BAD2 /* LiveGifPreset.swift */; };
		E36FA67E1E7714AC00F70925 /* CircularCollectionViewLayout.swift in Sources */ = {isa = PBXBuildFile; fileRef = E36FA67D1E7714AC00F70925 /* CircularCollectionViewLayout.swift */; };
		E377C1431E89DF5200573E12 /* StraightCollectionViewLayout.swift in Sources */ = {isa = PBXBuildFile; fileRef = E377C1421E89DF5200573E12 /* StraightCollectionViewLayout.swift */; };
		E377C1451E89E9C200573E12 /* UIImageView+Gif.swift in Sources */ = {isa = PBXBuildFile; fileRef = E377C1441E89E9C200573E12 /* UIImageView+Gif.swift */; };
		E3B4914A1E68E16B007C8F29 /* Gif.swift in Sources */ = {isa = PBXBuildFile; fileRef = E3B491491E68E16B007C8F29 /* Gif.swift */; };
		E3BF4D251E95BAD0005346E0 /* icecream.png in Resources */ = {isa = PBXBuildFile; fileRef = E3BF4D241E95BAD0005346E0 /* icecream.png */; };
		E3BF4D291E95CD86005346E0 /* ice_cream_cone.png in Resources */ = {isa = PBXBuildFile; fileRef = E3BF4D281E95CD86005346E0 /* ice_cream_cone.png */; };
/* End PBXBuildFile section */

/* Begin PBXContainerItemProxy section */
		782399F11E85A36A00207B56 /* PBXContainerItemProxy */ = {
			isa = PBXContainerItemProxy;
			containerPortal = 7854B9D11E64F98300591255 /* Project object */;
			proxyType = 1;
			remoteGlobalIDString = 782399EB1E85A36900207B56;
			remoteInfo = MeKeyboard;
		};
/* End PBXContainerItemProxy section */

/* Begin PBXCopyFilesBuildPhase section */
		782399F71E85A36A00207B56 /* Embed App Extensions */ = {
			isa = PBXCopyFilesBuildPhase;
			buildActionMask = 2147483647;
			dstPath = "";
			dstSubfolderSpec = 13;
			files = (
				782399F31E85A36A00207B56 /* MeKeyboard.appex in Embed App Extensions */,
			);
			name = "Embed App Extensions";
			runOnlyForDeploymentPostprocessing = 0;
		};
/* End PBXCopyFilesBuildPhase section */

/* Begin PBXFileReference section */
		203D3A74F61E82E11825C409 /* Pods-MeKeyboard.release.xcconfig */ = {isa = PBXFileReference; includeInIndex = 1; lastKnownFileType = text.xcconfig; name = "Pods-MeKeyboard.release.xcconfig"; path = "Pods/Target Support Files/Pods-MeKeyboard/Pods-MeKeyboard.release.xcconfig"; sourceTree = "<group>"; };
		2816F0DD14A7284C19D30662 /* Pods-MeKeyboard.debug.xcconfig */ = {isa = PBXFileReference; includeInIndex = 1; lastKnownFileType = text.xcconfig; name = "Pods-MeKeyboard.debug.xcconfig"; path = "Pods/Target Support Files/Pods-MeKeyboard/Pods-MeKeyboard.debug.xcconfig"; sourceTree = "<group>"; };
		54758DDE5EE3F1B539963AA4 /* Pods-figevil.debug.xcconfig */ = {isa = PBXFileReference; includeInIndex = 1; lastKnownFileType = text.xcconfig; name = "Pods-figevil.debug.xcconfig"; path = "Pods/Target Support Files/Pods-figevil/Pods-figevil.debug.xcconfig"; sourceTree = "<group>"; };
		5815A8F1BFBE50E3044E72FF /* Pods_MeKeyboard.framework */ = {isa = PBXFileReference; explicitFileType = wrapper.framework; includeInIndex = 0; path = Pods_MeKeyboard.framework; sourceTree = BUILT_PRODUCTS_DIR; };
		78091B791E9466A700722B4D /* Stickers */ = {isa = PBXFileReference; lastKnownFileType = folder; path = Stickers; sourceTree = "<group>"; };
		782399DF1E847C2B00207B56 /* Globals.swift */ = {isa = PBXFileReference; fileEncoding = 4; lastKnownFileType = sourcecode.swift; path = Globals.swift; sourceTree = "<group>"; };
		782399E11E8489C200207B56 /* FirstTimeExperience.storyboard */ = {isa = PBXFileReference; fileEncoding = 4; lastKnownFileType = file.storyboard; path = FirstTimeExperience.storyboard; sourceTree = "<group>"; };
		782399E51E848C1000207B56 /* FirstTimeExperienceViewController.swift */ = {isa = PBXFileReference; fileEncoding = 4; lastKnownFileType = sourcecode.swift; path = FirstTimeExperienceViewController.swift; sourceTree = "<group>"; };
		782399EC1E85A36900207B56 /* MeKeyboard.appex */ = {isa = PBXFileReference; explicitFileType = "wrapper.app-extension"; includeInIndex = 0; path = MeKeyboard.appex; sourceTree = BUILT_PRODUCTS_DIR; };
		782399EE1E85A36A00207B56 /* MeKeyboardViewController.swift */ = {isa = PBXFileReference; lastKnownFileType = sourcecode.swift; path = MeKeyboardViewController.swift; sourceTree = "<group>"; };
		782399F01E85A36A00207B56 /* Info.plist */ = {isa = PBXFileReference; lastKnownFileType = text.plist.xml; path = Info.plist; sourceTree = "<group>"; };
		78239A011E85E24300207B56 /* figevil.entitlements */ = {isa = PBXFileReference; lastKnownFileType = text.plist.entitlements; path = figevil.entitlements; sourceTree = "<group>"; };
		78239A021E85E45000207B56 /* MeKeyboard.entitlements */ = {isa = PBXFileReference; lastKnownFileType = text.plist.entitlements; path = MeKeyboard.entitlements; sourceTree = "<group>"; };
		782BB2611E7C7F5000EFD135 /* BbgL7x3.gif */ = {isa = PBXFileReference; lastKnownFileType = image.gif; path = BbgL7x3.gif; sourceTree = "<group>"; };
		7854B9D91E64F98300591255 /* figevil.app */ = {isa = PBXFileReference; explicitFileType = wrapper.application; includeInIndex = 0; path = figevil.app; sourceTree = BUILT_PRODUCTS_DIR; };
		7854B9DC1E64F98300591255 /* AppDelegate.swift */ = {isa = PBXFileReference; lastKnownFileType = sourcecode.swift; path = AppDelegate.swift; sourceTree = "<group>"; };
		7854B9E31E64F98300591255 /* Assets.xcassets */ = {isa = PBXFileReference; lastKnownFileType = folder.assetcatalog; path = Assets.xcassets; sourceTree = "<group>"; };
		7854B9E61E64F98300591255 /* Base */ = {isa = PBXFileReference; lastKnownFileType = file.storyboard; name = Base; path = Base.lproj/LaunchScreen.storyboard; sourceTree = "<group>"; };
		7854B9E81E64F98300591255 /* Info.plist */ = {isa = PBXFileReference; lastKnownFileType = text.plist.xml; path = Info.plist; sourceTree = "<group>"; };
		7854B9EE1E64F9B600591255 /* GoogleService-Info.plist */ = {isa = PBXFileReference; fileEncoding = 4; lastKnownFileType = text.plist.xml; path = "GoogleService-Info.plist"; sourceTree = "<group>"; };
		7854B9F21E64FD5B00591255 /* SatoCamera.swift */ = {isa = PBXFileReference; fileEncoding = 4; lastKnownFileType = sourcecode.swift; path = SatoCamera.swift; sourceTree = "<group>"; };
		7854B9F41E64FD7D00591255 /* Camera.storyboard */ = {isa = PBXFileReference; fileEncoding = 4; lastKnownFileType = file.storyboard; path = Camera.storyboard; sourceTree = "<group>"; };
		7854B9F51E64FD7D00591255 /* CameraViewController.swift */ = {isa = PBXFileReference; fileEncoding = 4; lastKnownFileType = sourcecode.swift; path = CameraViewController.swift; sourceTree = "<group>"; };
		7854B9F61E64FD7D00591255 /* Color.swift */ = {isa = PBXFileReference; fileEncoding = 4; lastKnownFileType = sourcecode.swift; path = Color.swift; sourceTree = "<group>"; };
		7854B9F71E64FD7D00591255 /* TextImageEffectView.swift */ = {isa = PBXFileReference; fileEncoding = 4; lastKnownFileType = sourcecode.swift; path = TextImageEffectView.swift; sourceTree = "<group>"; };
		7854B9F81E64FD7D00591255 /* TextView.swift */ = {isa = PBXFileReference; fileEncoding = 4; lastKnownFileType = sourcecode.swift; path = TextView.swift; sourceTree = "<group>"; };
		7854B9F91E64FD7D00591255 /* FilterImageEffect.swift */ = {isa = PBXFileReference; fileEncoding = 4; lastKnownFileType = sourcecode.swift; path = FilterImageEffect.swift; sourceTree = "<group>"; };
		7854B9FA1E64FD7D00591255 /* Filter.swift */ = {isa = PBXFileReference; fileEncoding = 4; lastKnownFileType = sourcecode.swift; path = Filter.swift; sourceTree = "<group>"; };
		7854B9FB1E64FD7D00591255 /* DrawImageEffectView.swift */ = {isa = PBXFileReference; fileEncoding = 4; lastKnownFileType = sourcecode.swift; path = DrawImageEffectView.swift; sourceTree = "<group>"; };
		7854B9FC1E64FD7D00591255 /* DrawView.swift */ = {isa = PBXFileReference; fileEncoding = 4; lastKnownFileType = sourcecode.swift; path = DrawView.swift; sourceTree = "<group>"; };
		7854B9FD1E64FD7D00591255 /* BubbleMenuCollectionViewController.swift */ = {isa = PBXFileReference; fileEncoding = 4; lastKnownFileType = sourcecode.swift; path = BubbleMenuCollectionViewController.swift; sourceTree = "<group>"; };
		7854B9FE1E64FD7D00591255 /* BubbleMenuCollectionViewCell.swift */ = {isa = PBXFileReference; fileEncoding = 4; lastKnownFileType = sourcecode.swift; path = BubbleMenuCollectionViewCell.swift; sourceTree = "<group>"; };
		7854B9FF1E64FD7D00591255 /* BubbleMenuCollectionViewCell.xib */ = {isa = PBXFileReference; fileEncoding = 4; lastKnownFileType = file.xib; path = BubbleMenuCollectionViewCell.xib; sourceTree = "<group>"; };
		7854BA0D1E65005600591255 /* Index.swift */ = {isa = PBXFileReference; fileEncoding = 4; lastKnownFileType = sourcecode.swift; path = Index.swift; sourceTree = "<group>"; };
		7857A02B1E6504EC00660B68 /* chinatown.jpg */ = {isa = PBXFileReference; lastKnownFileType = image.jpeg; path = chinatown.jpg; sourceTree = "<group>"; };
		7857A02C1E6504EC00660B68 /* golden_gate_bridge.jpg */ = {isa = PBXFileReference; lastKnownFileType = image.jpeg; path = golden_gate_bridge.jpg; sourceTree = "<group>"; };
		7857A02D1E6504EC00660B68 /* montgomery.jpg */ = {isa = PBXFileReference; lastKnownFileType = image.jpeg; path = montgomery.jpg; sourceTree = "<group>"; };
		7897175F1E941ECE00D89CB3 /* StickerEffectView.swift */ = {isa = PBXFileReference; fileEncoding = 4; lastKnownFileType = sourcecode.swift; path = StickerEffectView.swift; sourceTree = "<group>"; };
		78B5DD101E675EC500192135 /* camera.png */ = {isa = PBXFileReference; lastKnownFileType = image.png; path = camera.png; sourceTree = "<group>"; };
		78B5DD111E675EC500192135 /* paintbrush.png */ = {isa = PBXFileReference; lastKnownFileType = image.png; path = paintbrush.png; sourceTree = "<group>"; };
		78B5DD121E675EC500192135 /* text.png */ = {isa = PBXFileReference; lastKnownFileType = image.png; path = text.png; sourceTree = "<group>"; };
		78B5DD131E675EC500192135 /* filter.png */ = {isa = PBXFileReference; lastKnownFileType = image.png; path = filter.png; sourceTree = "<group>"; };
		78B5DD141E675EC500192135 /* checkmark.png */ = {isa = PBXFileReference; lastKnownFileType = image.png; path = checkmark.png; sourceTree = "<group>"; };
		78B5DD151E675EC500192135 /* back.png */ = {isa = PBXFileReference; lastKnownFileType = image.png; path = back.png; sourceTree = "<group>"; };
		78B5DD161E675EC500192135 /* flash.png */ = {isa = PBXFileReference; lastKnownFileType = image.png; path = flash.png; sourceTree = "<group>"; };
		78B5DD171E675EC500192135 /* circle.png */ = {isa = PBXFileReference; lastKnownFileType = image.png; path = circle.png; sourceTree = "<group>"; };
		78BEF4341E89E4F100047212 /* GifCollectionViewCell.swift */ = {isa = PBXFileReference; fileEncoding = 4; lastKnownFileType = sourcecode.swift; path = GifCollectionViewCell.swift; sourceTree = "<group>"; };
		78BEF4351E89E4F100047212 /* GifCollectionViewCell.xib */ = {isa = PBXFileReference; fileEncoding = 4; lastKnownFileType = file.xib; path = GifCollectionViewCell.xib; sourceTree = "<group>"; };
		78BEF4361E89E4F100047212 /* GifCollectionViewController.swift */ = {isa = PBXFileReference; fileEncoding = 4; lastKnownFileType = sourcecode.swift; path = GifCollectionViewController.swift; sourceTree = "<group>"; };
		78F67D3D1E7CA627003F8A20 /* AppDelegate+FirstLaunch.swift */ = {isa = PBXFileReference; fileEncoding = 4; lastKnownFileType = sourcecode.swift; path = "AppDelegate+FirstLaunch.swift"; sourceTree = "<group>"; };
		C2F66C55153B0C2F76D2DB9D /* Pods-figevil.release.xcconfig */ = {isa = PBXFileReference; includeInIndex = 1; lastKnownFileType = text.xcconfig; name = "Pods-figevil.release.xcconfig"; path = "Pods/Target Support Files/Pods-figevil/Pods-figevil.release.xcconfig"; sourceTree = "<group>"; };
		C710722E2727E087354024E4 /* Pods_figevil.framework */ = {isa = PBXFileReference; explicitFileType = wrapper.framework; includeInIndex = 0; path = Pods_figevil.framework; sourceTree = BUILT_PRODUCTS_DIR; };
		E328102F1E82F3C9001AA77D /* UIImage+Gif.swift */ = {isa = PBXFileReference; fileEncoding = 4; lastKnownFileType = sourcecode.swift; path = "UIImage+Gif.swift"; sourceTree = "<group>"; };
		E335FE6F1E70E89F00A5BAD2 /* Light.swift */ = {isa = PBXFileReference; fileEncoding = 4; lastKnownFileType = sourcecode.swift; path = Light.swift; sourceTree = "<group>"; };
		E335FE711E70EDB700A5BAD2 /* CMSampleBuffer+CIImage.swift */ = {isa = PBXFileReference; fileEncoding = 4; lastKnownFileType = sourcecode.swift; path = "CMSampleBuffer+CIImage.swift"; sourceTree = "<group>"; };
		E335FE731E70EE5400A5BAD2 /* CVPixelBuffer+DeepCopy.swift */ = {isa = PBXFileReference; fileEncoding = 4; lastKnownFileType = sourcecode.swift; path = "CVPixelBuffer+DeepCopy.swift"; sourceTree = "<group>"; };
		E335FE751E70EEBC00A5BAD2 /* CIImage+Resize.swift */ = {isa = PBXFileReference; fileEncoding = 4; lastKnownFileType = sourcecode.swift; path = "CIImage+Resize.swift"; sourceTree = "<group>"; };
		E335FE7D1E70F08B00A5BAD2 /* LiveGifPreset.swift */ = {isa = PBXFileReference; fileEncoding = 4; lastKnownFileType = sourcecode.swift; path = LiveGifPreset.swift; sourceTree = "<group>"; };
		E36FA67D1E7714AC00F70925 /* CircularCollectionViewLayout.swift */ = {isa = PBXFileReference; fileEncoding = 4; lastKnownFileType = sourcecode.swift; path = CircularCollectionViewLayout.swift; sourceTree = "<group>"; };
		E377C1421E89DF5200573E12 /* StraightCollectionViewLayout.swift */ = {isa = PBXFileReference; fileEncoding = 4; lastKnownFileType = sourcecode.swift; path = StraightCollectionViewLayout.swift; sourceTree = "<group>"; };
		E377C1441E89E9C200573E12 /* UIImageView+Gif.swift */ = {isa = PBXFileReference; fileEncoding = 4; lastKnownFileType = sourcecode.swift; path = "UIImageView+Gif.swift"; sourceTree = "<group>"; };
		E3B491491E68E16B007C8F29 /* Gif.swift */ = {isa = PBXFileReference; fileEncoding = 4; lastKnownFileType = sourcecode.swift; path = Gif.swift; sourceTree = "<group>"; };
		E3BF4D241E95BAD0005346E0 /* icecream.png */ = {isa = PBXFileReference; lastKnownFileType = image.png; path = icecream.png; sourceTree = "<group>"; };
		E3BF4D281E95CD86005346E0 /* ice_cream_cone.png */ = {isa = PBXFileReference; lastKnownFileType = image.png; path = ice_cream_cone.png; sourceTree = "<group>"; };
/* End PBXFileReference section */

/* Begin PBXFrameworksBuildPhase section */
		782399E91E85A36900207B56 /* Frameworks */ = {
			isa = PBXFrameworksBuildPhase;
			buildActionMask = 2147483647;
			files = (
				9EDF76CF876FEBA45153C98B /* Pods_MeKeyboard.framework in Frameworks */,
			);
			runOnlyForDeploymentPostprocessing = 0;
		};
		7854B9D61E64F98300591255 /* Frameworks */ = {
			isa = PBXFrameworksBuildPhase;
			buildActionMask = 2147483647;
			files = (
				0571FA59C0B61657852D33D6 /* Pods_figevil.framework in Frameworks */,
			);
			runOnlyForDeploymentPostprocessing = 0;
		};
/* End PBXFrameworksBuildPhase section */

/* Begin PBXGroup section */
		249DBC6DC94AD21D808F7A54 /* Frameworks */ = {
			isa = PBXGroup;
			children = (
				C710722E2727E087354024E4 /* Pods_figevil.framework */,
				5815A8F1BFBE50E3044E72FF /* Pods_MeKeyboard.framework */,
			);
			name = Frameworks;
			sourceTree = "<group>";
		};
		782399ED1E85A36A00207B56 /* MeKeyboard */ = {
			isa = PBXGroup;
			children = (
				78239A021E85E45000207B56 /* MeKeyboard.entitlements */,
				782399EE1E85A36A00207B56 /* MeKeyboardViewController.swift */,
				782399F01E85A36A00207B56 /* Info.plist */,
			);
			path = MeKeyboard;
			sourceTree = "<group>";
		};
		782399FE1E85CBC100207B56 /* BubbleCollectionView */ = {
			isa = PBXGroup;
			children = (
				7854B9FD1E64FD7D00591255 /* BubbleMenuCollectionViewController.swift */,
				7854B9FE1E64FD7D00591255 /* BubbleMenuCollectionViewCell.swift */,
				7854B9FF1E64FD7D00591255 /* BubbleMenuCollectionViewCell.xib */,
				E36FA67D1E7714AC00F70925 /* CircularCollectionViewLayout.swift */,
				E377C1421E89DF5200573E12 /* StraightCollectionViewLayout.swift */,
			);
			name = BubbleCollectionView;
			sourceTree = "<group>";
		};
		782BB25C1E7C7D6B00EFD135 /* Launch */ = {
			isa = PBXGroup;
			children = (
				7854B9E51E64F98300591255 /* LaunchScreen.storyboard */,
			);
			name = Launch;
			sourceTree = "<group>";
		};
		782BB2631E7C7FD300EFD135 /* Shared */ = {
			isa = PBXGroup;
			children = (
				782399DF1E847C2B00207B56 /* Globals.swift */,
				7854B9DC1E64F98300591255 /* AppDelegate.swift */,
				7854B9EE1E64F9B600591255 /* GoogleService-Info.plist */,
				7854B9E31E64F98300591255 /* Assets.xcassets */,
				7854B9E81E64F98300591255 /* Info.plist */,
				782BB25C1E7C7D6B00EFD135 /* Launch */,
			);
			name = Shared;
			sourceTree = "<group>";
		};
		782BB2641E7C7FEE00EFD135 /* Effects */ = {
			isa = PBXGroup;
			children = (
				7854B9F61E64FD7D00591255 /* Color.swift */,
				7854B9F71E64FD7D00591255 /* TextImageEffectView.swift */,
				7854B9F81E64FD7D00591255 /* TextView.swift */,
				7854B9FB1E64FD7D00591255 /* DrawImageEffectView.swift */,
				7854B9FC1E64FD7D00591255 /* DrawView.swift */,
				7854B9F91E64FD7D00591255 /* FilterImageEffect.swift */,
				7854B9FA1E64FD7D00591255 /* Filter.swift */,
				7897175F1E941ECE00D89CB3 /* StickerEffectView.swift */,
			);
			name = Effects;
			sourceTree = "<group>";
		};
		7854B9D01E64F98300591255 = {
			isa = PBXGroup;
			children = (
				7854B9DB1E64F98300591255 /* figevil */,
				782399ED1E85A36A00207B56 /* MeKeyboard */,
				7854B9DA1E64F98300591255 /* Products */,
				DB64432D15A069CAAE0FE212 /* Pods */,
				249DBC6DC94AD21D808F7A54 /* Frameworks */,
			);
			sourceTree = "<group>";
		};
		7854B9DA1E64F98300591255 /* Products */ = {
			isa = PBXGroup;
			children = (
				7854B9D91E64F98300591255 /* figevil.app */,
				782399EC1E85A36900207B56 /* MeKeyboard.appex */,
			);
			name = Products;
			sourceTree = "<group>";
		};
		7854B9DB1E64F98300591255 /* figevil */ = {
			isa = PBXGroup;
			children = (
				78239A011E85E24300207B56 /* figevil.entitlements */,
				782BB2631E7C7FD300EFD135 /* Shared */,
				7854B9F21E64FD5B00591255 /* SatoCamera.swift */,
				E328102F1E82F3C9001AA77D /* UIImage+Gif.swift */,
				E335FE7D1E70F08B00A5BAD2 /* LiveGifPreset.swift */,
				E335FE6F1E70E89F00A5BAD2 /* Light.swift */,
				E3B491491E68E16B007C8F29 /* Gif.swift */,
				7854BA0D1E65005600591255 /* Index.swift */,
				E335FE7F1E70F19500A5BAD2 /* Camera Extentions */,
				7854B9F41E64FD7D00591255 /* Camera.storyboard */,
				7854B9F51E64FD7D00591255 /* CameraViewController.swift */,
				782BB2641E7C7FEE00EFD135 /* Effects */,
				782399FE1E85CBC100207B56 /* BubbleCollectionView */,
				78BEF4331E89E49C00047212 /* GifCollectionView */,
				78F67D3C1E7CA5BD003F8A20 /* FTE */,
				78091B791E9466A700722B4D /* Stickers */,
				78B5DD0F1E675E7F00192135 /* TBD */,
			);
			path = figevil;
			sourceTree = "<group>";
		};
		78B5DD0F1E675E7F00192135 /* TBD */ = {
			isa = PBXGroup;
			children = (
				782BB2611E7C7F5000EFD135 /* BbgL7x3.gif */,
				78B5DD101E675EC500192135 /* camera.png */,
				78B5DD111E675EC500192135 /* paintbrush.png */,
				78B5DD121E675EC500192135 /* text.png */,
				78B5DD131E675EC500192135 /* filter.png */,
				78B5DD141E675EC500192135 /* checkmark.png */,
				78B5DD151E675EC500192135 /* back.png */,
				78B5DD161E675EC500192135 /* flash.png */,
				78B5DD171E675EC500192135 /* circle.png */,
				7857A02B1E6504EC00660B68 /* chinatown.jpg */,
				7857A02C1E6504EC00660B68 /* golden_gate_bridge.jpg */,
				7857A02D1E6504EC00660B68 /* montgomery.jpg */,
				E3BF4D281E95CD86005346E0 /* ice_cream_cone.png */,
				E3BF4D241E95BAD0005346E0 /* icecream.png */,
			);
			name = TBD;
			sourceTree = "<group>";
		};
		78BEF4331E89E49C00047212 /* GifCollectionView */ = {
			isa = PBXGroup;
			children = (
				78BEF4361E89E4F100047212 /* GifCollectionViewController.swift */,
				78BEF4341E89E4F100047212 /* GifCollectionViewCell.swift */,
				78BEF4351E89E4F100047212 /* GifCollectionViewCell.xib */,
			);
			name = GifCollectionView;
			sourceTree = "<group>";
		};
		78F67D3C1E7CA5BD003F8A20 /* FTE */ = {
			isa = PBXGroup;
			children = (
				78F67D3D1E7CA627003F8A20 /* AppDelegate+FirstLaunch.swift */,
				782399E11E8489C200207B56 /* FirstTimeExperience.storyboard */,
				782399E51E848C1000207B56 /* FirstTimeExperienceViewController.swift */,
			);
			name = FTE;
			sourceTree = "<group>";
		};
		DB64432D15A069CAAE0FE212 /* Pods */ = {
			isa = PBXGroup;
			children = (
				54758DDE5EE3F1B539963AA4 /* Pods-figevil.debug.xcconfig */,
				C2F66C55153B0C2F76D2DB9D /* Pods-figevil.release.xcconfig */,
				2816F0DD14A7284C19D30662 /* Pods-MeKeyboard.debug.xcconfig */,
				203D3A74F61E82E11825C409 /* Pods-MeKeyboard.release.xcconfig */,
			);
			name = Pods;
			sourceTree = "<group>";
		};
		E335FE7F1E70F19500A5BAD2 /* Camera Extentions */ = {
			isa = PBXGroup;
			children = (
				E335FE751E70EEBC00A5BAD2 /* CIImage+Resize.swift */,
				E335FE731E70EE5400A5BAD2 /* CVPixelBuffer+DeepCopy.swift */,
				E377C1441E89E9C200573E12 /* UIImageView+Gif.swift */,
				E335FE711E70EDB700A5BAD2 /* CMSampleBuffer+CIImage.swift */,
			);
			name = "Camera Extentions";
			sourceTree = "<group>";
		};
/* End PBXGroup section */

/* Begin PBXNativeTarget section */
		782399EB1E85A36900207B56 /* MeKeyboard */ = {
			isa = PBXNativeTarget;
			buildConfigurationList = 782399F41E85A36A00207B56 /* Build configuration list for PBXNativeTarget "MeKeyboard" */;
			buildPhases = (
				3255D88D36FBBBB775DA5C1D /* [CP] Check Pods Manifest.lock */,
				782399E81E85A36900207B56 /* Sources */,
				782399E91E85A36900207B56 /* Frameworks */,
				782399EA1E85A36900207B56 /* Resources */,
				8F5DA9B5E75D2A634533B132 /* [CP] Copy Pods Resources */,
			);
			buildRules = (
			);
			dependencies = (
			);
			name = MeKeyboard;
			productName = MeKeyboard;
			productReference = 782399EC1E85A36900207B56 /* MeKeyboard.appex */;
			productType = "com.apple.product-type.app-extension";
		};
		7854B9D81E64F98300591255 /* figevil */ = {
			isa = PBXNativeTarget;
			buildConfigurationList = 7854B9EB1E64F98300591255 /* Build configuration list for PBXNativeTarget "figevil" */;
			buildPhases = (
				46794B0B6DF8421E272935D2 /* [CP] Check Pods Manifest.lock */,
				7854B9D51E64F98300591255 /* Sources */,
				7854B9D61E64F98300591255 /* Frameworks */,
				7854B9D71E64F98300591255 /* Resources */,
				6FD47EB58A085448A367AEAF /* [CP] Embed Pods Frameworks */,
				9823CA148D0253A50AB38F4F /* [CP] Copy Pods Resources */,
				782399F71E85A36A00207B56 /* Embed App Extensions */,
			);
			buildRules = (
			);
			dependencies = (
				782399F21E85A36A00207B56 /* PBXTargetDependency */,
			);
			name = figevil;
			productName = figevil;
			productReference = 7854B9D91E64F98300591255 /* figevil.app */;
			productType = "com.apple.product-type.application";
		};
/* End PBXNativeTarget section */

/* Begin PBXProject section */
		7854B9D11E64F98300591255 /* Project object */ = {
			isa = PBXProject;
			attributes = {
				LastSwiftUpdateCheck = 0820;
				LastUpgradeCheck = 0820;
				ORGANIZATIONNAME = sunsethq;
				TargetAttributes = {
					782399EB1E85A36900207B56 = {
						CreatedOnToolsVersion = 8.2.1;
						DevelopmentTeam = PY8CHQP699;
						ProvisioningStyle = Automatic;
						SystemCapabilities = {
							com.apple.ApplicationGroups.iOS = {
								enabled = 1;
							};
						};
					};
					7854B9D81E64F98300591255 = {
						CreatedOnToolsVersion = 8.2.1;
						DevelopmentTeam = PY8CHQP699;
						ProvisioningStyle = Automatic;
						SystemCapabilities = {
							com.apple.ApplicationGroups.iOS = {
								enabled = 1;
							};
						};
					};
				};
			};
			buildConfigurationList = 7854B9D41E64F98300591255 /* Build configuration list for PBXProject "figevil" */;
			compatibilityVersion = "Xcode 3.2";
			developmentRegion = English;
			hasScannedForEncodings = 0;
			knownRegions = (
				en,
				Base,
			);
			mainGroup = 7854B9D01E64F98300591255;
			productRefGroup = 7854B9DA1E64F98300591255 /* Products */;
			projectDirPath = "";
			projectRoot = "";
			targets = (
				7854B9D81E64F98300591255 /* figevil */,
				782399EB1E85A36900207B56 /* MeKeyboard */,
			);
		};
/* End PBXProject section */

/* Begin PBXResourcesBuildPhase section */
		782399EA1E85A36900207B56 /* Resources */ = {
			isa = PBXResourcesBuildPhase;
			buildActionMask = 2147483647;
			files = (
				78BEF43F1E89E82200047212 /* GifCollectionViewCell.xib in Resources */,
			);
			runOnlyForDeploymentPostprocessing = 0;
		};
		7854B9D71E64F98300591255 /* Resources */ = {
			isa = PBXResourcesBuildPhase;
			buildActionMask = 2147483647;
			files = (
				78091B7A1E9466A700722B4D /* Stickers in Resources */,
				7854B9E71E64F98300591255 /* LaunchScreen.storyboard in Resources */,
				7854B9EF1E64F9B600591255 /* GoogleService-Info.plist in Resources */,
				7857A0301E6504EC00660B68 /* montgomery.jpg in Resources */,
				78B5DD1C1E675EC500192135 /* checkmark.png in Resources */,
				7857A02F1E6504EC00660B68 /* golden_gate_bridge.jpg in Resources */,
				78B5DD191E675EC500192135 /* paintbrush.png in Resources */,
				E3BF4D251E95BAD0005346E0 /* icecream.png in Resources */,
				782399E21E8489C200207B56 /* FirstTimeExperience.storyboard in Resources */,
				782BB2621E7C7F5000EFD135 /* BbgL7x3.gif in Resources */,
				78B5DD181E675EC500192135 /* camera.png in Resources */,
				7854BA0B1E64FD7D00591255 /* BubbleMenuCollectionViewCell.xib in Resources */,
				7854B9E41E64F98300591255 /* Assets.xcassets in Resources */,
				78BEF4391E89E4F100047212 /* GifCollectionViewCell.xib in Resources */,
				78B5DD1F1E675EC500192135 /* circle.png in Resources */,
				78B5DD1A1E675EC500192135 /* text.png in Resources */,
				78B5DD1E1E675EC500192135 /* flash.png in Resources */,
				7857A02E1E6504EC00660B68 /* chinatown.jpg in Resources */,
				E3BF4D291E95CD86005346E0 /* ice_cream_cone.png in Resources */,
				78B5DD1D1E675EC500192135 /* back.png in Resources */,
				78B5DD1B1E675EC500192135 /* filter.png in Resources */,
				7854BA001E64FD7D00591255 /* Camera.storyboard in Resources */,
			);
			runOnlyForDeploymentPostprocessing = 0;
		};
/* End PBXResourcesBuildPhase section */

/* Begin PBXShellScriptBuildPhase section */
		3255D88D36FBBBB775DA5C1D /* [CP] Check Pods Manifest.lock */ = {
			isa = PBXShellScriptBuildPhase;
			buildActionMask = 2147483647;
			files = (
			);
			inputPaths = (
			);
			name = "[CP] Check Pods Manifest.lock";
			outputPaths = (
			);
			runOnlyForDeploymentPostprocessing = 0;
			shellPath = /bin/sh;
			shellScript = "diff \"${PODS_ROOT}/../Podfile.lock\" \"${PODS_ROOT}/Manifest.lock\" > /dev/null\nif [ $? != 0 ] ; then\n    # print error to STDERR\n    echo \"error: The sandbox is not in sync with the Podfile.lock. Run 'pod install' or update your CocoaPods installation.\" >&2\n    exit 1\nfi\n";
			showEnvVarsInLog = 0;
		};
		46794B0B6DF8421E272935D2 /* [CP] Check Pods Manifest.lock */ = {
			isa = PBXShellScriptBuildPhase;
			buildActionMask = 2147483647;
			files = (
			);
			inputPaths = (
			);
			name = "[CP] Check Pods Manifest.lock";
			outputPaths = (
			);
			runOnlyForDeploymentPostprocessing = 0;
			shellPath = /bin/sh;
			shellScript = "diff \"${PODS_ROOT}/../Podfile.lock\" \"${PODS_ROOT}/Manifest.lock\" > /dev/null\nif [ $? != 0 ] ; then\n    # print error to STDERR\n    echo \"error: The sandbox is not in sync with the Podfile.lock. Run 'pod install' or update your CocoaPods installation.\" >&2\n    exit 1\nfi\n";
			showEnvVarsInLog = 0;
		};
		6FD47EB58A085448A367AEAF /* [CP] Embed Pods Frameworks */ = {
			isa = PBXShellScriptBuildPhase;
			buildActionMask = 2147483647;
			files = (
			);
			inputPaths = (
			);
			name = "[CP] Embed Pods Frameworks";
			outputPaths = (
			);
			runOnlyForDeploymentPostprocessing = 0;
			shellPath = /bin/sh;
			shellScript = "\"${SRCROOT}/Pods/Target Support Files/Pods-figevil/Pods-figevil-frameworks.sh\"\n";
			showEnvVarsInLog = 0;
		};
		8F5DA9B5E75D2A634533B132 /* [CP] Copy Pods Resources */ = {
			isa = PBXShellScriptBuildPhase;
			buildActionMask = 2147483647;
			files = (
			);
			inputPaths = (
			);
			name = "[CP] Copy Pods Resources";
			outputPaths = (
			);
			runOnlyForDeploymentPostprocessing = 0;
			shellPath = /bin/sh;
			shellScript = "\"${SRCROOT}/Pods/Target Support Files/Pods-MeKeyboard/Pods-MeKeyboard-resources.sh\"\n";
			showEnvVarsInLog = 0;
		};
		9823CA148D0253A50AB38F4F /* [CP] Copy Pods Resources */ = {
			isa = PBXShellScriptBuildPhase;
			buildActionMask = 2147483647;
			files = (
			);
			inputPaths = (
			);
			name = "[CP] Copy Pods Resources";
			outputPaths = (
			);
			runOnlyForDeploymentPostprocessing = 0;
			shellPath = /bin/sh;
			shellScript = "\"${SRCROOT}/Pods/Target Support Files/Pods-figevil/Pods-figevil-resources.sh\"\n";
			showEnvVarsInLog = 0;
		};
/* End PBXShellScriptBuildPhase section */

/* Begin PBXSourcesBuildPhase section */
		782399E81E85A36900207B56 /* Sources */ = {
			isa = PBXSourcesBuildPhase;
			buildActionMask = 2147483647;
			files = (
				78BEF43E1E89E82200047212 /* GifCollectionViewCell.swift in Sources */,
				78239A001E85E0A800207B56 /* Globals.swift in Sources */,
				7863631C1E8B1CEE00B902B5 /* StraightCollectionViewLayout.swift in Sources */,
				782399EF1E85A36A00207B56 /* MeKeyboardViewController.swift in Sources */,
				78BEF4401E89E82200047212 /* GifCollectionViewController.swift in Sources */,
			);
			runOnlyForDeploymentPostprocessing = 0;
		};
		7854B9D51E64F98300591255 /* Sources */ = {
			isa = PBXSourcesBuildPhase;
			buildActionMask = 2147483647;
			files = (
				7854BA0A1E64FD7D00591255 /* BubbleMenuCollectionViewCell.swift in Sources */,
				7854BA051E64FD7D00591255 /* FilterImageEffect.swift in Sources */,
				7854B9F31E64FD5B00591255 /* SatoCamera.swift in Sources */,
				E335FE7E1E70F08B00A5BAD2 /* LiveGifPreset.swift in Sources */,
				E335FE761E70EEBC00A5BAD2 /* CIImage+Resize.swift in Sources */,
				7854BA081E64FD7D00591255 /* DrawView.swift in Sources */,
				E335FE741E70EE5400A5BAD2 /* CVPixelBuffer+DeepCopy.swift in Sources */,
				7854BA011E64FD7D00591255 /* CameraViewController.swift in Sources */,
				7854BA031E64FD7D00591255 /* TextImageEffectView.swift in Sources */,
				E335FE701E70E89F00A5BAD2 /* Light.swift in Sources */,
				7854BA041E64FD7D00591255 /* TextView.swift in Sources */,
				7854BA0E1E65005600591255 /* Index.swift in Sources */,
				7854BA021E64FD7D00591255 /* Color.swift in Sources */,
				7854BA071E64FD7D00591255 /* DrawImageEffectView.swift in Sources */,
				7854BA061E64FD7D00591255 /* Filter.swift in Sources */,
				7854B9DD1E64F98300591255 /* AppDelegate.swift in Sources */,
				782399E61E848C1000207B56 /* FirstTimeExperienceViewController.swift in Sources */,
				E377C1431E89DF5200573E12 /* StraightCollectionViewLayout.swift in Sources */,
				789717601E941ECE00D89CB3 /* StickerEffectView.swift in Sources */,
				78F67D3E1E7CA627003F8A20 /* AppDelegate+FirstLaunch.swift in Sources */,
				78BEF4371E89E4F100047212 /* GifCollectionViewCell.swift in Sources */,
				782399E01E847C2B00207B56 /* Globals.swift in Sources */,
				E377C1451E89E9C200573E12 /* UIImageView+Gif.swift in Sources */,
				E335FE721E70EDB700A5BAD2 /* CMSampleBuffer+CIImage.swift in Sources */,
				E3B4914A1E68E16B007C8F29 /* Gif.swift in Sources */,
				E36FA67E1E7714AC00F70925 /* CircularCollectionViewLayout.swift in Sources */,
				78BEF43B1E89E4F100047212 /* GifCollectionViewController.swift in Sources */,
				7854BA091E64FD7D00591255 /* BubbleMenuCollectionViewController.swift in Sources */,
			);
			runOnlyForDeploymentPostprocessing = 0;
		};
/* End PBXSourcesBuildPhase section */

/* Begin PBXTargetDependency section */
		782399F21E85A36A00207B56 /* PBXTargetDependency */ = {
			isa = PBXTargetDependency;
			target = 782399EB1E85A36900207B56 /* MeKeyboard */;
			targetProxy = 782399F11E85A36A00207B56 /* PBXContainerItemProxy */;
		};
/* End PBXTargetDependency section */

/* Begin PBXVariantGroup section */
		7854B9E51E64F98300591255 /* LaunchScreen.storyboard */ = {
			isa = PBXVariantGroup;
			children = (
				7854B9E61E64F98300591255 /* Base */,
			);
			name = LaunchScreen.storyboard;
			sourceTree = "<group>";
		};
/* End PBXVariantGroup section */

/* Begin XCBuildConfiguration section */
		782399F51E85A36A00207B56 /* Debug */ = {
			isa = XCBuildConfiguration;
			baseConfigurationReference = 2816F0DD14A7284C19D30662 /* Pods-MeKeyboard.debug.xcconfig */;
			buildSettings = {
				CODE_SIGN_ENTITLEMENTS = MeKeyboard/MeKeyboard.entitlements;
				DEVELOPMENT_TEAM = PY8CHQP699;
				INFOPLIST_FILE = MeKeyboard/Info.plist;
				LD_RUNPATH_SEARCH_PATHS = "$(inherited) @executable_path/Frameworks @executable_path/../../Frameworks";
				PRODUCT_BUNDLE_IDENTIFIER = com.sunsethq.figevil.MeKeyboard;
				PRODUCT_NAME = "$(TARGET_NAME)";
				SKIP_INSTALL = YES;
				SWIFT_VERSION = 3.0;
			};
			name = Debug;
		};
		782399F61E85A36A00207B56 /* Release */ = {
			isa = XCBuildConfiguration;
			baseConfigurationReference = 203D3A74F61E82E11825C409 /* Pods-MeKeyboard.release.xcconfig */;
			buildSettings = {
				CODE_SIGN_ENTITLEMENTS = MeKeyboard/MeKeyboard.entitlements;
				DEVELOPMENT_TEAM = PY8CHQP699;
				INFOPLIST_FILE = MeKeyboard/Info.plist;
				LD_RUNPATH_SEARCH_PATHS = "$(inherited) @executable_path/Frameworks @executable_path/../../Frameworks";
				PRODUCT_BUNDLE_IDENTIFIER = com.sunsethq.figevil.MeKeyboard;
				PRODUCT_NAME = "$(TARGET_NAME)";
				SKIP_INSTALL = YES;
				SWIFT_OPTIMIZATION_LEVEL = "-Owholemodule";
				SWIFT_VERSION = 3.0;
			};
			name = Release;
		};
		7854B9E91E64F98300591255 /* Debug */ = {
			isa = XCBuildConfiguration;
			buildSettings = {
				ALWAYS_SEARCH_USER_PATHS = NO;
				CLANG_ANALYZER_NONNULL = YES;
				CLANG_CXX_LANGUAGE_STANDARD = "gnu++0x";
				CLANG_CXX_LIBRARY = "libc++";
				CLANG_ENABLE_MODULES = YES;
				CLANG_ENABLE_OBJC_ARC = YES;
				CLANG_WARN_BOOL_CONVERSION = YES;
				CLANG_WARN_CONSTANT_CONVERSION = YES;
				CLANG_WARN_DIRECT_OBJC_ISA_USAGE = YES_ERROR;
				CLANG_WARN_DOCUMENTATION_COMMENTS = YES;
				CLANG_WARN_EMPTY_BODY = YES;
				CLANG_WARN_ENUM_CONVERSION = YES;
				CLANG_WARN_INFINITE_RECURSION = YES;
				CLANG_WARN_INT_CONVERSION = YES;
				CLANG_WARN_OBJC_ROOT_CLASS = YES_ERROR;
				CLANG_WARN_SUSPICIOUS_MOVE = YES;
				CLANG_WARN_UNREACHABLE_CODE = YES;
				CLANG_WARN__DUPLICATE_METHOD_MATCH = YES;
				"CODE_SIGN_IDENTITY[sdk=iphoneos*]" = "iPhone Developer";
				COPY_PHASE_STRIP = NO;
				DEBUG_INFORMATION_FORMAT = dwarf;
				ENABLE_STRICT_OBJC_MSGSEND = YES;
				ENABLE_TESTABILITY = YES;
				GCC_C_LANGUAGE_STANDARD = gnu99;
				GCC_DYNAMIC_NO_PIC = NO;
				GCC_NO_COMMON_BLOCKS = YES;
				GCC_OPTIMIZATION_LEVEL = 0;
				GCC_PREPROCESSOR_DEFINITIONS = (
					"DEBUG=1",
					"$(inherited)",
				);
				GCC_WARN_64_TO_32_BIT_CONVERSION = YES;
				GCC_WARN_ABOUT_RETURN_TYPE = YES_ERROR;
				GCC_WARN_UNDECLARED_SELECTOR = YES;
				GCC_WARN_UNINITIALIZED_AUTOS = YES_AGGRESSIVE;
				GCC_WARN_UNUSED_FUNCTION = YES;
				GCC_WARN_UNUSED_VARIABLE = YES;
				IPHONEOS_DEPLOYMENT_TARGET = 10.2;
				MTL_ENABLE_DEBUG_INFO = YES;
				ONLY_ACTIVE_ARCH = YES;
				SDKROOT = iphoneos;
				SWIFT_ACTIVE_COMPILATION_CONDITIONS = DEBUG;
				SWIFT_OPTIMIZATION_LEVEL = "-Onone";
			};
			name = Debug;
		};
		7854B9EA1E64F98300591255 /* Release */ = {
			isa = XCBuildConfiguration;
			buildSettings = {
				ALWAYS_SEARCH_USER_PATHS = NO;
				CLANG_ANALYZER_NONNULL = YES;
				CLANG_CXX_LANGUAGE_STANDARD = "gnu++0x";
				CLANG_CXX_LIBRARY = "libc++";
				CLANG_ENABLE_MODULES = YES;
				CLANG_ENABLE_OBJC_ARC = YES;
				CLANG_WARN_BOOL_CONVERSION = YES;
				CLANG_WARN_CONSTANT_CONVERSION = YES;
				CLANG_WARN_DIRECT_OBJC_ISA_USAGE = YES_ERROR;
				CLANG_WARN_DOCUMENTATION_COMMENTS = YES;
				CLANG_WARN_EMPTY_BODY = YES;
				CLANG_WARN_ENUM_CONVERSION = YES;
				CLANG_WARN_INFINITE_RECURSION = YES;
				CLANG_WARN_INT_CONVERSION = YES;
				CLANG_WARN_OBJC_ROOT_CLASS = YES_ERROR;
				CLANG_WARN_SUSPICIOUS_MOVE = YES;
				CLANG_WARN_UNREACHABLE_CODE = YES;
				CLANG_WARN__DUPLICATE_METHOD_MATCH = YES;
				"CODE_SIGN_IDENTITY[sdk=iphoneos*]" = "iPhone Developer";
				COPY_PHASE_STRIP = NO;
				DEBUG_INFORMATION_FORMAT = "dwarf-with-dsym";
				ENABLE_NS_ASSERTIONS = NO;
				ENABLE_STRICT_OBJC_MSGSEND = YES;
				GCC_C_LANGUAGE_STANDARD = gnu99;
				GCC_NO_COMMON_BLOCKS = YES;
				GCC_WARN_64_TO_32_BIT_CONVERSION = YES;
				GCC_WARN_ABOUT_RETURN_TYPE = YES_ERROR;
				GCC_WARN_UNDECLARED_SELECTOR = YES;
				GCC_WARN_UNINITIALIZED_AUTOS = YES_AGGRESSIVE;
				GCC_WARN_UNUSED_FUNCTION = YES;
				GCC_WARN_UNUSED_VARIABLE = YES;
				IPHONEOS_DEPLOYMENT_TARGET = 10.2;
				MTL_ENABLE_DEBUG_INFO = NO;
				SDKROOT = iphoneos;
				SWIFT_OPTIMIZATION_LEVEL = "-Owholemodule";
				VALIDATE_PRODUCT = YES;
			};
			name = Release;
		};
		7854B9EC1E64F98300591255 /* Debug */ = {
			isa = XCBuildConfiguration;
			baseConfigurationReference = 54758DDE5EE3F1B539963AA4 /* Pods-figevil.debug.xcconfig */;
			buildSettings = {
				ALWAYS_EMBED_SWIFT_STANDARD_LIBRARIES = "$(inherited)";
				ASSETCATALOG_COMPILER_APPICON_NAME = AppIcon;
				CODE_SIGN_ENTITLEMENTS = figevil/figevil.entitlements;
				DEVELOPMENT_TEAM = PY8CHQP699;
				INFOPLIST_FILE = figevil/Info.plist;
				LD_RUNPATH_SEARCH_PATHS = "$(inherited) @executable_path/Frameworks";
				PRODUCT_BUNDLE_IDENTIFIER = com.sunsethq.figevil;
				PRODUCT_NAME = "$(TARGET_NAME)";
				SWIFT_OPTIMIZATION_LEVEL = "-Onone";
				SWIFT_VERSION = 3.0;
			};
			name = Debug;
		};
		7854B9ED1E64F98300591255 /* Release */ = {
			isa = XCBuildConfiguration;
			baseConfigurationReference = C2F66C55153B0C2F76D2DB9D /* Pods-figevil.release.xcconfig */;
			buildSettings = {
				ALWAYS_EMBED_SWIFT_STANDARD_LIBRARIES = "$(inherited)";
				ASSETCATALOG_COMPILER_APPICON_NAME = AppIcon;
				CODE_SIGN_ENTITLEMENTS = figevil/figevil.entitlements;
				DEVELOPMENT_TEAM = PY8CHQP699;
				INFOPLIST_FILE = figevil/Info.plist;
				LD_RUNPATH_SEARCH_PATHS = "$(inherited) @executable_path/Frameworks";
				PRODUCT_BUNDLE_IDENTIFIER = com.sunsethq.figevil;
				PRODUCT_NAME = "$(TARGET_NAME)";
				SWIFT_OPTIMIZATION_LEVEL = "-Owholemodule";
				SWIFT_VERSION = 3.0;
			};
			name = Release;
		};
/* End XCBuildConfiguration section */

/* Begin XCConfigurationList section */
		782399F41E85A36A00207B56 /* Build configuration list for PBXNativeTarget "MeKeyboard" */ = {
			isa = XCConfigurationList;
			buildConfigurations = (
				782399F51E85A36A00207B56 /* Debug */,
				782399F61E85A36A00207B56 /* Release */,
			);
			defaultConfigurationIsVisible = 0;
			defaultConfigurationName = Release;
		};
		7854B9D41E64F98300591255 /* Build configuration list for PBXProject "figevil" */ = {
			isa = XCConfigurationList;
			buildConfigurations = (
				7854B9E91E64F98300591255 /* Debug */,
				7854B9EA1E64F98300591255 /* Release */,
			);
			defaultConfigurationIsVisible = 0;
			defaultConfigurationName = Release;
		};
		7854B9EB1E64F98300591255 /* Build configuration list for PBXNativeTarget "figevil" */ = {
			isa = XCConfigurationList;
			buildConfigurations = (
				7854B9EC1E64F98300591255 /* Debug */,
				7854B9ED1E64F98300591255 /* Release */,
			);
			defaultConfigurationIsVisible = 0;
			defaultConfigurationName = Release;
		};
/* End XCConfigurationList section */
	};
	rootObject = 7854B9D11E64F98300591255 /* Project object */;
}
